
Microsoft Visual Studio Solution File, Format Version 12.00
# Visual Studio Version 17
VisualStudioVersion = 17.11.35222.181
MinimumVisualStudioVersion = 10.0.40219.1
Project("{FAE04EC0-301F-11D3-BF4B-00C04F79EFBC}") = "Project1_AdonetCustomer", "Project1_AdonetCustomer\Project1_AdonetCustomer.csproj", "{079CD9A4-F853-4987-B43B-F4CA96AD309F}"
EndProject
Project("{FAE04EC0-301F-11D3-BF4B-00C04F79EFBC}") = "Project2_EntityFrameworkDbFirstProduct", "Project2_EntityFrameworkDbFirstProduct\Project2_EntityFrameworkDbFirstProduct.csproj", "{3DA1BC18-EC77-4DD7-8267-FF7FB9A084D3}"
EndProject
Project("{FAE04EC0-301F-11D3-BF4B-00C04F79EFBC}") = "Project3_EntityFrameworkStatictics", "Project3_EntityFrameworkStatictics\Project3_EntityFrameworkStatictics.csproj", "{2FC3D6C1-20D0-449A-A580-F0B8A44EA123}"
EndProject
Project("{FAE04EC0-301F-11D3-BF4B-00C04F79EFBC}") = "Project4_EntityFrameworkCodeFirstMovie", "Project4_EntityFrameworkCodeFirstMovie\Project4_EntityFrameworkCodeFirstMovie.csproj", "{629B654B-054A-44EE-B612-8F10268D667B}"
EndProject
Project("{FAE04EC0-301F-11D3-BF4B-00C04F79EFBC}") = "Project5_DapperNorthwind", "Project5_DapperNorthwind\Project5_DapperNorthwind.csproj", "{6149C3BB-85B0-49EF-A9AC-85DAD7834361}"
EndProject
Project("{9A19103F-16F7-4668-BE54-9A1E7A4F7556}") = "Project6_ApiWeather", "Project6_ApiWeather\Project6_ApiWeather.csproj", "{E5079C21-5DAE-4839-AA29-D46BAB977C88}"
EndProject
Project("{9A19103F-16F7-4668-BE54-9A1E7A4F7556}") = "Project7_ApiWeatherConsume", "Project7_ApiWeatherConsume\Project7_ApiWeatherConsume.csproj", "{01450530-B95A-48AD-8774-0EE412E48457}"
EndProject
Project("{FAE04EC0-301F-11D3-BF4B-00C04F79EFBC}") = "Project8_RapidApiCurrency", "Project8_RapidApiCurrency\Project8_RapidApiCurrency.csproj", "{AE705366-2F2E-4F94-9B84-6D29453FE11F}"
EndProject
Project("{FAE04EC0-301F-11D3-BF4B-00C04F79EFBC}") = "Project9_MongoDbOrder", "Project9_MongoDbOrder\Project9_MongoDbOrder.csproj", "{2EC90C01-48A9-44A2-A720-46552B559491}"
EndProject
Project("{FAE04EC0-301F-11D3-BF4B-00C04F79EFBC}") = "Project10_PostgreSQLToDoListApp", "Project10_PostgreSQLToDoListApp\Project10_PostgreSQLToDoListApp.csproj", "{689BC1B1-3F56-4FEA-9353-F12BCE6D0988}"
EndProject
Project("{FAE04EC0-301F-11D3-BF4B-00C04F79EFBC}") = "Project11_TriggerOrderStock", "Project11_TriggerOrderStock\Project11_TriggerOrderStock.csproj", "{71CAD64E-EE66-4438-B793-E837942117BD}"
EndProject
Global
	GlobalSection(SolutionConfigurationPlatforms) = preSolution
		Debug|Any CPU = Debug|Any CPU
		Release|Any CPU = Release|Any CPU
	EndGlobalSection
	GlobalSection(ProjectConfigurationPlatforms) = postSolution
		{079CD9A4-F853-4987-B43B-F4CA96AD309F}.Debug|Any CPU.ActiveCfg = Debug|Any CPU
		{079CD9A4-F853-4987-B43B-F4CA96AD309F}.Debug|Any CPU.Build.0 = Debug|Any CPU
		{079CD9A4-F853-4987-B43B-F4CA96AD309F}.Release|Any CPU.ActiveCfg = Release|Any CPU
		{079CD9A4-F853-4987-B43B-F4CA96AD309F}.Release|Any CPU.Build.0 = Release|Any CPU
		{3DA1BC18-EC77-4DD7-8267-FF7FB9A084D3}.Debug|Any CPU.ActiveCfg = Debug|Any CPU
		{3DA1BC18-EC77-4DD7-8267-FF7FB9A084D3}.Debug|Any CPU.Build.0 = Debug|Any CPU
		{3DA1BC18-EC77-4DD7-8267-FF7FB9A084D3}.Release|Any CPU.ActiveCfg = Release|Any CPU
		{3DA1BC18-EC77-4DD7-8267-FF7FB9A084D3}.Release|Any CPU.Build.0 = Release|Any CPU
		{2FC3D6C1-20D0-449A-A580-F0B8A44EA123}.Debug|Any CPU.ActiveCfg = Debug|Any CPU
		{2FC3D6C1-20D0-449A-A580-F0B8A44EA123}.Debug|Any CPU.Build.0 = Debug|Any CPU
		{2FC3D6C1-20D0-449A-A580-F0B8A44EA123}.Release|Any CPU.ActiveCfg = Release|Any CPU
		{2FC3D6C1-20D0-449A-A580-F0B8A44EA123}.Release|Any CPU.Build.0 = Release|Any CPU
		{629B654B-054A-44EE-B612-8F10268D667B}.Debug|Any CPU.ActiveCfg = Debug|Any CPU
		{629B654B-054A-44EE-B612-8F10268D667B}.Debug|Any CPU.Build.0 = Debug|Any CPU
		{629B654B-054A-44EE-B612-8F10268D667B}.Release|Any CPU.ActiveCfg = Release|Any CPU
		{629B654B-054A-44EE-B612-8F10268D667B}.Release|Any CPU.Build.0 = Release|Any CPU
		{6149C3BB-85B0-49EF-A9AC-85DAD7834361}.Debug|Any CPU.ActiveCfg = Debug|Any CPU
		{6149C3BB-85B0-49EF-A9AC-85DAD7834361}.Debug|Any CPU.Build.0 = Debug|Any CPU
		{6149C3BB-85B0-49EF-A9AC-85DAD7834361}.Release|Any CPU.ActiveCfg = Release|Any CPU
		{6149C3BB-85B0-49EF-A9AC-85DAD7834361}.Release|Any CPU.Build.0 = Release|Any CPU
		{E5079C21-5DAE-4839-AA29-D46BAB977C88}.Debug|Any CPU.ActiveCfg = Debug|Any CPU
		{E5079C21-5DAE-4839-AA29-D46BAB977C88}.Debug|Any CPU.Build.0 = Debug|Any CPU
		{E5079C21-5DAE-4839-AA29-D46BAB977C88}.Release|Any CPU.ActiveCfg = Release|Any CPU
		{E5079C21-5DAE-4839-AA29-D46BAB977C88}.Release|Any CPU.Build.0 = Release|Any CPU
		{01450530-B95A-48AD-8774-0EE412E48457}.Debug|Any CPU.ActiveCfg = Debug|Any CPU
		{01450530-B95A-48AD-8774-0EE412E48457}.Debug|Any CPU.Build.0 = Debug|Any CPU
		{01450530-B95A-48AD-8774-0EE412E48457}.Release|Any CPU.ActiveCfg = Release|Any CPU
		{01450530-B95A-48AD-8774-0EE412E48457}.Release|Any CPU.Build.0 = Release|Any CPU
		{AE705366-2F2E-4F94-9B84-6D29453FE11F}.Debug|Any CPU.ActiveCfg = Debug|Any CPU
		{AE705366-2F2E-4F94-9B84-6D29453FE11F}.Debug|Any CPU.Build.0 = Debug|Any CPU
		{AE705366-2F2E-4F94-9B84-6D29453FE11F}.Release|Any CPU.ActiveCfg = Release|Any CPU
		{AE705366-2F2E-4F94-9B84-6D29453FE11F}.Release|Any CPU.Build.0 = Release|Any CPU
		{2EC90C01-48A9-44A2-A720-46552B559491}.Debug|Any CPU.ActiveCfg = Debug|Any CPU
		{2EC90C01-48A9-44A2-A720-46552B559491}.Debug|Any CPU.Build.0 = Debug|Any CPU
		{2EC90C01-48A9-44A2-A720-46552B559491}.Release|Any CPU.ActiveCfg = Release|Any CPU
		{2EC90C01-48A9-44A2-A720-46552B559491}.Release|Any CPU.Build.0 = Release|Any CPU
		{689BC1B1-3F56-4FEA-9353-F12BCE6D0988}.Debug|Any CPU.ActiveCfg = Debug|Any CPU
		{689BC1B1-3F56-4FEA-9353-F12BCE6D0988}.Debug|Any CPU.Build.0 = Debug|Any CPU
		{689BC1B1-3F56-4FEA-9353-F12BCE6D0988}.Release|Any CPU.ActiveCfg = Release|Any CPU
		{689BC1B1-3F56-4FEA-9353-F12BCE6D0988}.Release|Any CPU.Build.0 = Release|Any CPU
		{71CAD64E-EE66-4438-B793-E837942117BD}.Debug|Any CPU.ActiveCfg = Debug|Any CPU
		{71CAD64E-EE66-4438-B793-E837942117BD}.Debug|Any CPU.Build.0 = Debug|Any CPU
		{71CAD64E-EE66-4438-B793-E837942117BD}.Release|Any CPU.ActiveCfg = Release|Any CPU
		{71CAD64E-EE66-4438-B793-E837942117BD}.Release|Any CPU.Build.0 = Release|Any CPU
	EndGlobalSection
	GlobalSection(SolutionProperties) = preSolution
		HideSolutionNode = FALSE
	EndGlobalSection
	GlobalSection(ExtensibilityGlobals) = postSolution
		SolutionGuid = {1D74AB70-B5E3-424E-B71A-54431A739D06}
	EndGlobalSection
EndGlobal
